lockfileVersion: '6.0'

settings:
  autoInstallPeers: true
  excludeLinksFromLockfile: false

onlyBuiltDependencies:
  - esbuild

dependencies:
  '@bpmn-io/properties-panel':
    specifier: ^3.30.2
    version: 3.30.2
  bpmn-js:
    specifier: ^18.6.2
    version: 18.6.2
  bpmn-js-properties-panel:
    specifier: ^5.38.1
    version: 5.38.1(@bpmn-io/properties-panel@3.30.2)(bpmn-js@18.6.2)(camunda-bpmn-js-behaviors@1.10.1)(diagram-js@15.3.0)
  camunda-bpmn-moddle:
    specifier: ^7.0.1
    version: 7.0.1
  vue:
    specifier: ^3.5.17
    version: 3.5.17

devDependencies:
  '@vitejs/plugin-vue':
    specifier: ^6.0.0
    version: 6.0.0(vite@7.0.5)(vue@3.5.17)
  vite:
    specifier: ^7.0.4
    version: 7.0.5

packages:

  /@babel/helper-string-parser@7.27.1:
    resolution: {integrity: sha512-qMlSxKbpRlAridDExk92nSobyDdpPijUq2DW6oDnUqd0iOGxmQjyqhMIihI9+zv4LPyZdRje2cavWPbCbWm3eA==}
    engines: {node: '>=6.9.0'}

  /@babel/helper-validator-identifier@7.27.1:
    resolution: {integrity: sha512-D2hP9eA+Sqx1kBZgzxZh0y1trbuU+JoDkiEwqhQ36nodYqJwyEIhPSdMNd7lOm/4io72luTPWH20Yda0xOuUow==}
    engines: {node: '>=6.9.0'}

  /@babel/parser@7.28.0:
    resolution: {integrity: sha512-jVZGvOxOuNSsuQuLRTh13nU0AogFlw32w/MT+LV6D3sP5WdbW61E77RnkbaO2dUvmPAYrBDJXGn5gGS6tH4j8g==}
    engines: {node: '>=6.0.0'}
    hasBin: true
    dependencies:
      '@babel/types': 7.28.1

  /@babel/types@7.28.1:
    resolution: {integrity: sha512-x0LvFTekgSX+83TI28Y9wYPUfzrnl2aT5+5QLnO6v7mSJYtEEevuDRN0F0uSHRk1G1IWZC43o00Y0xDDrpBGPQ==}
    engines: {node: '>=6.9.0'}
    dependencies:
      '@babel/helper-string-parser': 7.27.1
      '@babel/helper-validator-identifier': 7.27.1

  /@bpmn-io/cm-theme@0.1.0-alpha.2:
    resolution: {integrity: sha512-ZILgiYzxk3KMvxplUXmdRFQo45/JehDPg5k9tWfehmzUOSE13ssyLPil8uCloMQnb3yyzyOWTjb/wzKXTHlFQw==}
    dependencies:
      '@codemirror/language': 6.11.2
      '@codemirror/view': 6.38.1
      '@lezer/highlight': 1.2.1
    dev: false

  /@bpmn-io/diagram-js-ui@0.2.3:
    resolution: {integrity: sha512-OGyjZKvGK8tHSZ0l7RfeKhilGoOGtFDcoqSGYkX0uhFlo99OVZ9Jn1K7TJGzcE9BdKwvA5Y5kGqHEhdTxHvFfw==}
    dependencies:
      htm: 3.1.1
      preact: 10.26.9
    dev: false

  /@bpmn-io/extract-process-variables@1.0.1:
    resolution: {integrity: sha512-bisd1kL38HIjB+nmvtw3mpktH0Il3y55eiH/F7kKJs00jf+eksRBoUdr8q4Ge7w5uWxEKVszrasZCee5LTcYEw==}
    dependencies:
      min-dash: 4.2.3
    dev: false

  /@bpmn-io/feel-editor@1.10.1:
    resolution: {integrity: sha512-Kq3TFKaCovDchb++WwS8yUvIke947pjW7k4Cu0zJXPnoMBbsbzMPXUDvtrHRP7/1D40wEqBAjIpElugFdpQM4g==}
    engines: {node: '>= 16'}
    dependencies:
      '@bpmn-io/feel-lint': 1.4.0
      '@codemirror/autocomplete': 6.18.6
      '@codemirror/commands': 6.8.1
      '@codemirror/language': 6.11.2
      '@codemirror/lint': 6.8.5
      '@codemirror/state': 6.5.2
      '@codemirror/view': 6.38.1
      '@lezer/highlight': 1.2.1
      lang-feel: 2.3.0
      min-dom: 4.2.1
    dev: false

  /@bpmn-io/feel-lint@1.4.0:
    resolution: {integrity: sha512-1bsdR/9vPD7RQVqWWPk0X0tpjLsYTDrCxIzOVtN/h32o4nPGl0dZBU5m07qaFUGD4wG3eOH4Qim1wexHG8YkBw==}
    dependencies:
      '@codemirror/language': 6.11.2
      lezer-feel: 1.7.0
    dev: false

  /@bpmn-io/properties-panel@3.30.2:
    resolution: {integrity: sha512-g7tBCbG2OQOSebAiYBdorBOzakf7UxS2wBJsMHl+b2XfQmpH5dcpmG+9IsFBiEwwDKb2Qqh31VAEq9K2pSq1GA==}
    dependencies:
      '@bpmn-io/feel-editor': 1.10.1
      '@codemirror/view': 6.38.1
      classnames: 2.5.1
      feelers: 1.4.0
      focus-trap: 7.6.5
      min-dash: 4.2.3
      min-dom: 4.2.1
    dev: false

  /@codemirror/autocomplete@6.18.6:
    resolution: {integrity: sha512-PHHBXFomUs5DF+9tCOM/UoW6XQ4R44lLNNhRaW9PKPTU0D7lIjRg3ElxaJnTwsl/oHiR93WSXDBrekhoUGCPtg==}
    dependencies:
      '@codemirror/language': 6.11.2
      '@codemirror/state': 6.5.2
      '@codemirror/view': 6.38.1
      '@lezer/common': 1.2.3
    dev: false

  /@codemirror/commands@6.8.1:
    resolution: {integrity: sha512-KlGVYufHMQzxbdQONiLyGQDUW0itrLZwq3CcY7xpv9ZLRHqzkBSoteocBHtMCoY7/Ci4xhzSrToIeLg7FxHuaw==}
    dependencies:
      '@codemirror/language': 6.11.2
      '@codemirror/state': 6.5.2
      '@codemirror/view': 6.38.1
      '@lezer/common': 1.2.3
    dev: false

  /@codemirror/language@6.11.2:
    resolution: {integrity: sha512-p44TsNArL4IVXDTbapUmEkAlvWs2CFQbcfc0ymDsis1kH2wh0gcY96AS29c/vp2d0y2Tquk1EDSaawpzilUiAw==}
    dependencies:
      '@codemirror/state': 6.5.2
      '@codemirror/view': 6.38.1
      '@lezer/common': 1.2.3
      '@lezer/highlight': 1.2.1
      '@lezer/lr': 1.4.2
      style-mod: 4.1.2
    dev: false

  /@codemirror/lint@6.8.5:
    resolution: {integrity: sha512-s3n3KisH7dx3vsoeGMxsbRAgKe4O1vbrnKBClm99PU0fWxmxsx5rR2PfqQgIt+2MMJBHbiJ5rfIdLYfB9NNvsA==}
    dependencies:
      '@codemirror/state': 6.5.2
      '@codemirror/view': 6.38.1
      crelt: 1.0.6
    dev: false

  /@codemirror/state@6.5.2:
    resolution: {integrity: sha512-FVqsPqtPWKVVL3dPSxy8wEF/ymIEuVzF1PK3VbUgrxXpJUSHQWWZz4JMToquRxnkw+36LTamCZG2iua2Ptq0fA==}
    dependencies:
      '@marijn/find-cluster-break': 1.0.2
    dev: false

  /@codemirror/view@6.38.1:
    resolution: {integrity: sha512-RmTOkE7hRU3OVREqFVITWHz6ocgBjv08GoePscAakgVQfciA3SGCEk7mb9IzwW61cKKmlTpHXG6DUE5Ubx+MGQ==}
    dependencies:
      '@codemirror/state': 6.5.2
      crelt: 1.0.6
      style-mod: 4.1.2
      w3c-keyname: 2.2.8
    dev: false

  /@esbuild/aix-ppc64@0.25.8:
    resolution: {integrity: sha512-urAvrUedIqEiFR3FYSLTWQgLu5tb+m0qZw0NBEasUeo6wuqatkMDaRT+1uABiGXEu5vqgPd7FGE1BhsAIy9QVA==}
    engines: {node: '>=18'}
    cpu: [ppc64]
    os: [aix]
    dev: true
    optional: true

  /@esbuild/android-arm64@0.25.8:
    resolution: {integrity: sha512-OD3p7LYzWpLhZEyATcTSJ67qB5D+20vbtr6vHlHWSQYhKtzUYrETuWThmzFpZtFsBIxRvhO07+UgVA9m0i/O1w==}
    engines: {node: '>=18'}
    cpu: [arm64]
    os: [android]
    dev: true
    optional: true

  /@esbuild/android-arm@0.25.8:
    resolution: {integrity: sha512-RONsAvGCz5oWyePVnLdZY/HHwA++nxYWIX1atInlaW6SEkwq6XkP3+cb825EUcRs5Vss/lGh/2YxAb5xqc07Uw==}
    engines: {node: '>=18'}
    cpu: [arm]
    os: [android]
    dev: true
    optional: true

  /@esbuild/android-x64@0.25.8:
    resolution: {integrity: sha512-yJAVPklM5+4+9dTeKwHOaA+LQkmrKFX96BM0A/2zQrbS6ENCmxc4OVoBs5dPkCCak2roAD+jKCdnmOqKszPkjA==}
    engines: {node: '>=18'}
    cpu: [x64]
    os: [android]
    dev: true
    optional: true

  /@esbuild/darwin-arm64@0.25.8:
    resolution: {integrity: sha512-Jw0mxgIaYX6R8ODrdkLLPwBqHTtYHJSmzzd+QeytSugzQ0Vg4c5rDky5VgkoowbZQahCbsv1rT1KW72MPIkevw==}
    engines: {node: '>=18'}
    cpu: [arm64]
    os: [darwin]
    dev: true
    optional: true

  /@esbuild/darwin-x64@0.25.8:
    resolution: {integrity: sha512-Vh2gLxxHnuoQ+GjPNvDSDRpoBCUzY4Pu0kBqMBDlK4fuWbKgGtmDIeEC081xi26PPjn+1tct+Bh8FjyLlw1Zlg==}
    engines: {node: '>=18'}
    cpu: [x64]
    os: [darwin]
    dev: true
    optional: true

  /@esbuild/freebsd-arm64@0.25.8:
    resolution: {integrity: sha512-YPJ7hDQ9DnNe5vxOm6jaie9QsTwcKedPvizTVlqWG9GBSq+BuyWEDazlGaDTC5NGU4QJd666V0yqCBL2oWKPfA==}
    engines: {node: '>=18'}
    cpu: [arm64]
    os: [freebsd]
    dev: true
    optional: true

  /@esbuild/freebsd-x64@0.25.8:
    resolution: {integrity: sha512-MmaEXxQRdXNFsRN/KcIimLnSJrk2r5H8v+WVafRWz5xdSVmWLoITZQXcgehI2ZE6gioE6HirAEToM/RvFBeuhw==}
    engines: {node: '>=18'}
    cpu: [x64]
    os: [freebsd]
    dev: true
    optional: true

  /@esbuild/linux-arm64@0.25.8:
    resolution: {integrity: sha512-WIgg00ARWv/uYLU7lsuDK00d/hHSfES5BzdWAdAig1ioV5kaFNrtK8EqGcUBJhYqotlUByUKz5Qo6u8tt7iD/w==}
    engines: {node: '>=18'}
    cpu: [arm64]
    os: [linux]
    dev: true
    optional: true

  /@esbuild/linux-arm@0.25.8:
    resolution: {integrity: sha512-FuzEP9BixzZohl1kLf76KEVOsxtIBFwCaLupVuk4eFVnOZfU+Wsn+x5Ryam7nILV2pkq2TqQM9EZPsOBuMC+kg==}
    engines: {node: '>=18'}
    cpu: [arm]
    os: [linux]
    dev: true
    optional: true

  /@esbuild/linux-ia32@0.25.8:
    resolution: {integrity: sha512-A1D9YzRX1i+1AJZuFFUMP1E9fMaYY+GnSQil9Tlw05utlE86EKTUA7RjwHDkEitmLYiFsRd9HwKBPEftNdBfjg==}
    engines: {node: '>=18'}
    cpu: [ia32]
    os: [linux]
    dev: true
    optional: true

  /@esbuild/linux-loong64@0.25.8:
    resolution: {integrity: sha512-O7k1J/dwHkY1RMVvglFHl1HzutGEFFZ3kNiDMSOyUrB7WcoHGf96Sh+64nTRT26l3GMbCW01Ekh/ThKM5iI7hQ==}
    engines: {node: '>=18'}
    cpu: [loong64]
    os: [linux]
    dev: true
    optional: true

  /@esbuild/linux-mips64el@0.25.8:
    resolution: {integrity: sha512-uv+dqfRazte3BzfMp8PAQXmdGHQt2oC/y2ovwpTteqrMx2lwaksiFZ/bdkXJC19ttTvNXBuWH53zy/aTj1FgGw==}
    engines: {node: '>=18'}
    cpu: [mips64el]
    os: [linux]
    dev: true
    optional: true

  /@esbuild/linux-ppc64@0.25.8:
    resolution: {integrity: sha512-GyG0KcMi1GBavP5JgAkkstMGyMholMDybAf8wF5A70CALlDM2p/f7YFE7H92eDeH/VBtFJA5MT4nRPDGg4JuzQ==}
    engines: {node: '>=18'}
    cpu: [ppc64]
    os: [linux]
    dev: true
    optional: true

  /@esbuild/linux-riscv64@0.25.8:
    resolution: {integrity: sha512-rAqDYFv3yzMrq7GIcen3XP7TUEG/4LK86LUPMIz6RT8A6pRIDn0sDcvjudVZBiiTcZCY9y2SgYX2lgK3AF+1eg==}
    engines: {node: '>=18'}
    cpu: [riscv64]
    os: [linux]
    dev: true
    optional: true

  /@esbuild/linux-s390x@0.25.8:
    resolution: {integrity: sha512-Xutvh6VjlbcHpsIIbwY8GVRbwoviWT19tFhgdA7DlenLGC/mbc3lBoVb7jxj9Z+eyGqvcnSyIltYUrkKzWqSvg==}
    engines: {node: '>=18'}
    cpu: [s390x]
    os: [linux]
    dev: true
    optional: true

  /@esbuild/linux-x64@0.25.8:
    resolution: {integrity: sha512-ASFQhgY4ElXh3nDcOMTkQero4b1lgubskNlhIfJrsH5OKZXDpUAKBlNS0Kx81jwOBp+HCeZqmoJuihTv57/jvQ==}
    engines: {node: '>=18'}
    cpu: [x64]
    os: [linux]
    dev: true
    optional: true

  /@esbuild/netbsd-arm64@0.25.8:
    resolution: {integrity: sha512-d1KfruIeohqAi6SA+gENMuObDbEjn22olAR7egqnkCD9DGBG0wsEARotkLgXDu6c4ncgWTZJtN5vcgxzWRMzcw==}
    engines: {node: '>=18'}
    cpu: [arm64]
    os: [netbsd]
    dev: true
    optional: true

  /@esbuild/netbsd-x64@0.25.8:
    resolution: {integrity: sha512-nVDCkrvx2ua+XQNyfrujIG38+YGyuy2Ru9kKVNyh5jAys6n+l44tTtToqHjino2My8VAY6Lw9H7RI73XFi66Cg==}
    engines: {node: '>=18'}
    cpu: [x64]
    os: [netbsd]
    dev: true
    optional: true

  /@esbuild/openbsd-arm64@0.25.8:
    resolution: {integrity: sha512-j8HgrDuSJFAujkivSMSfPQSAa5Fxbvk4rgNAS5i3K+r8s1X0p1uOO2Hl2xNsGFppOeHOLAVgYwDVlmxhq5h+SQ==}
    engines: {node: '>=18'}
    cpu: [arm64]
    os: [openbsd]
    dev: true
    optional: true

  /@esbuild/openbsd-x64@0.25.8:
    resolution: {integrity: sha512-1h8MUAwa0VhNCDp6Af0HToI2TJFAn1uqT9Al6DJVzdIBAd21m/G0Yfc77KDM3uF3T/YaOgQq3qTJHPbTOInaIQ==}
    engines: {node: '>=18'}
    cpu: [x64]
    os: [openbsd]
    dev: true
    optional: true

  /@esbuild/openharmony-arm64@0.25.8:
    resolution: {integrity: sha512-r2nVa5SIK9tSWd0kJd9HCffnDHKchTGikb//9c7HX+r+wHYCpQrSgxhlY6KWV1nFo1l4KFbsMlHk+L6fekLsUg==}
    engines: {node: '>=18'}
    cpu: [arm64]
    os: [openharmony]
    dev: true
    optional: true

  /@esbuild/sunos-x64@0.25.8:
    resolution: {integrity: sha512-zUlaP2S12YhQ2UzUfcCuMDHQFJyKABkAjvO5YSndMiIkMimPmxA+BYSBikWgsRpvyxuRnow4nS5NPnf9fpv41w==}
    engines: {node: '>=18'}
    cpu: [x64]
    os: [sunos]
    dev: true
    optional: true

  /@esbuild/win32-arm64@0.25.8:
    resolution: {integrity: sha512-YEGFFWESlPva8hGL+zvj2z/SaK+pH0SwOM0Nc/d+rVnW7GSTFlLBGzZkuSU9kFIGIo8q9X3ucpZhu8PDN5A2sQ==}
    engines: {node: '>=18'}
    cpu: [arm64]
    os: [win32]
    dev: true
    optional: true

  /@esbuild/win32-ia32@0.25.8:
    resolution: {integrity: sha512-hiGgGC6KZ5LZz58OL/+qVVoZiuZlUYlYHNAmczOm7bs2oE1XriPFi5ZHHrS8ACpV5EjySrnoCKmcbQMN+ojnHg==}
    engines: {node: '>=18'}
    cpu: [ia32]
    os: [win32]
    dev: true
    optional: true

  /@esbuild/win32-x64@0.25.8:
    resolution: {integrity: sha512-cn3Yr7+OaaZq1c+2pe+8yxC8E144SReCQjN6/2ynubzYjvyqZjTXfQJpAcQpsdJq3My7XADANiYGHoFC69pLQw==}
    engines: {node: '>=18'}
    cpu: [x64]
    os: [win32]
    dev: true
    optional: true

  /@jridgewell/sourcemap-codec@1.5.4:
    resolution: {integrity: sha512-VT2+G1VQs/9oz078bLrYbecdZKs912zQlkelYpuf+SXF+QvZDYJlbx/LSx+meSAwdDFnF8FVXW92AVjjkVmgFw==}

  /@lezer/common@1.2.3:
    resolution: {integrity: sha512-w7ojc8ejBqr2REPsWxJjrMFsA/ysDCFICn8zEOR9mrqzOu2amhITYuLD8ag6XZf0CFXDrhKqw7+tW8cX66NaDA==}
    dev: false

  /@lezer/highlight@1.2.1:
    resolution: {integrity: sha512-Z5duk4RN/3zuVO7Jq0pGLJ3qynpxUVsh7IbUbGj88+uV2ApSAn6kWg2au3iJb+0Zi7kKtqffIESgNcRXWZWmSA==}
    dependencies:
      '@lezer/common': 1.2.3
    dev: false

  /@lezer/lr@1.4.2:
    resolution: {integrity: sha512-pu0K1jCIdnQ12aWNaAVU5bzi7Bd1w54J3ECgANPmYLtQKP0HBj2cE/5coBD66MT10xbtIuUr7tg0Shbsvk0mDA==}
    dependencies:
      '@lezer/common': 1.2.3
    dev: false

  /@lezer/markdown@1.4.3:
    resolution: {integrity: sha512-kfw+2uMrQ/wy/+ONfrH83OkdFNM0ye5Xq96cLlaCy7h5UT9FO54DU4oRoIc0CSBh5NWmWuiIJA7NGLMJbQ+Oxg==}
    dependencies:
      '@lezer/common': 1.2.3
      '@lezer/highlight': 1.2.1
    dev: false

  /@marijn/find-cluster-break@1.0.2:
    resolution: {integrity: sha512-l0h88YhZFyKdXIFNfSWpyjStDjGHwZ/U7iobcK1cQQD8sejsONdQtTVU+1wVN1PBw40PiiHB1vA5S7VTfQiP9g==}
    dev: false

  /@rolldown/pluginutils@1.0.0-beta.19:
    resolution: {integrity: sha512-3FL3mnMbPu0muGOCaKAhhFEYmqv9eTfPSJRJmANrCwtgK8VuxpsZDGK+m0LYAGoyO8+0j5uRe4PeyPDK1yA/hA==}
    dev: true

  /@rollup/rollup-android-arm-eabi@4.45.1:
    resolution: {integrity: sha512-NEySIFvMY0ZQO+utJkgoMiCAjMrGvnbDLHvcmlA33UXJpYBCvlBEbMMtV837uCkS+plG2umfhn0T5mMAxGrlRA==}
    cpu: [arm]
    os: [android]
    dev: true
    optional: true

  /@rollup/rollup-android-arm64@4.45.1:
    resolution: {integrity: sha512-ujQ+sMXJkg4LRJaYreaVx7Z/VMgBBd89wGS4qMrdtfUFZ+TSY5Rs9asgjitLwzeIbhwdEhyj29zhst3L1lKsRQ==}
    cpu: [arm64]
    os: [android]
    dev: true
    optional: true

  /@rollup/rollup-darwin-arm64@4.45.1:
    resolution: {integrity: sha512-FSncqHvqTm3lC6Y13xncsdOYfxGSLnP+73k815EfNmpewPs+EyM49haPS105Rh4aF5mJKywk9X0ogzLXZzN9lA==}
    cpu: [arm64]
    os: [darwin]
    dev: true
    optional: true

  /@rollup/rollup-darwin-x64@4.45.1:
    resolution: {integrity: sha512-2/vVn/husP5XI7Fsf/RlhDaQJ7x9zjvC81anIVbr4b/f0xtSmXQTFcGIQ/B1cXIYM6h2nAhJkdMHTnD7OtQ9Og==}
    cpu: [x64]
    os: [darwin]
    dev: true
    optional: true

  /@rollup/rollup-freebsd-arm64@4.45.1:
    resolution: {integrity: sha512-4g1kaDxQItZsrkVTdYQ0bxu4ZIQ32cotoQbmsAnW1jAE4XCMbcBPDirX5fyUzdhVCKgPcrwWuucI8yrVRBw2+g==}
    cpu: [arm64]
    os: [freebsd]
    dev: true
    optional: true

  /@rollup/rollup-freebsd-x64@4.45.1:
    resolution: {integrity: sha512-L/6JsfiL74i3uK1Ti2ZFSNsp5NMiM4/kbbGEcOCps99aZx3g8SJMO1/9Y0n/qKlWZfn6sScf98lEOUe2mBvW9A==}
    cpu: [x64]
    os: [freebsd]
    dev: true
    optional: true

  /@rollup/rollup-linux-arm-gnueabihf@4.45.1:
    resolution: {integrity: sha512-RkdOTu2jK7brlu+ZwjMIZfdV2sSYHK2qR08FUWcIoqJC2eywHbXr0L8T/pONFwkGukQqERDheaGTeedG+rra6Q==}
    cpu: [arm]
    os: [linux]
    dev: true
    optional: true

  /@rollup/rollup-linux-arm-musleabihf@4.45.1:
    resolution: {integrity: sha512-3kJ8pgfBt6CIIr1o+HQA7OZ9mp/zDk3ctekGl9qn/pRBgrRgfwiffaUmqioUGN9hv0OHv2gxmvdKOkARCtRb8Q==}
    cpu: [arm]
    os: [linux]
    dev: true
    optional: true

  /@rollup/rollup-linux-arm64-gnu@4.45.1:
    resolution: {integrity: sha512-k3dOKCfIVixWjG7OXTCOmDfJj3vbdhN0QYEqB+OuGArOChek22hn7Uy5A/gTDNAcCy5v2YcXRJ/Qcnm4/ma1xw==}
    cpu: [arm64]
    os: [linux]
    dev: true
    optional: true

  /@rollup/rollup-linux-arm64-musl@4.45.1:
    resolution: {integrity: sha512-PmI1vxQetnM58ZmDFl9/Uk2lpBBby6B6rF4muJc65uZbxCs0EA7hhKCk2PKlmZKuyVSHAyIw3+/SiuMLxKxWog==}
    cpu: [arm64]
    os: [linux]
    dev: true
    optional: true

  /@rollup/rollup-linux-loongarch64-gnu@4.45.1:
    resolution: {integrity: sha512-9UmI0VzGmNJ28ibHW2GpE2nF0PBQqsyiS4kcJ5vK+wuwGnV5RlqdczVocDSUfGX/Na7/XINRVoUgJyFIgipoRg==}
    cpu: [loong64]
    os: [linux]
    dev: true
    optional: true

  /@rollup/rollup-linux-powerpc64le-gnu@4.45.1:
    resolution: {integrity: sha512-7nR2KY8oEOUTD3pBAxIBBbZr0U7U+R9HDTPNy+5nVVHDXI4ikYniH1oxQz9VoB5PbBU1CZuDGHkLJkd3zLMWsg==}
    cpu: [ppc64]
    os: [linux]
    dev: true
    optional: true

  /@rollup/rollup-linux-riscv64-gnu@4.45.1:
    resolution: {integrity: sha512-nlcl3jgUultKROfZijKjRQLUu9Ma0PeNv/VFHkZiKbXTBQXhpytS8CIj5/NfBeECZtY2FJQubm6ltIxm/ftxpw==}
    cpu: [riscv64]
    os: [linux]
    dev: true
    optional: true

  /@rollup/rollup-linux-riscv64-musl@4.45.1:
    resolution: {integrity: sha512-HJV65KLS51rW0VY6rvZkiieiBnurSzpzore1bMKAhunQiECPuxsROvyeaot/tcK3A3aGnI+qTHqisrpSgQrpgA==}
    cpu: [riscv64]
    os: [linux]
    dev: true
    optional: true

  /@rollup/rollup-linux-s390x-gnu@4.45.1:
    resolution: {integrity: sha512-NITBOCv3Qqc6hhwFt7jLV78VEO/il4YcBzoMGGNxznLgRQf43VQDae0aAzKiBeEPIxnDrACiMgbqjuihx08OOw==}
    cpu: [s390x]
    os: [linux]
    dev: true
    optional: true

  /@rollup/rollup-linux-x64-gnu@4.45.1:
    resolution: {integrity: sha512-+E/lYl6qu1zqgPEnTrs4WysQtvc/Sh4fC2nByfFExqgYrqkKWp1tWIbe+ELhixnenSpBbLXNi6vbEEJ8M7fiHw==}
    cpu: [x64]
    os: [linux]
    dev: true
    optional: true

  /@rollup/rollup-linux-x64-musl@4.45.1:
    resolution: {integrity: sha512-a6WIAp89p3kpNoYStITT9RbTbTnqarU7D8N8F2CV+4Cl9fwCOZraLVuVFvlpsW0SbIiYtEnhCZBPLoNdRkjQFw==}
    cpu: [x64]
    os: [linux]
    dev: true
    optional: true

  /@rollup/rollup-win32-arm64-msvc@4.45.1:
    resolution: {integrity: sha512-T5Bi/NS3fQiJeYdGvRpTAP5P02kqSOpqiopwhj0uaXB6nzs5JVi2XMJb18JUSKhCOX8+UE1UKQufyD6Or48dJg==}
    cpu: [arm64]
    os: [win32]
    dev: true
    optional: true

  /@rollup/rollup-win32-ia32-msvc@4.45.1:
    resolution: {integrity: sha512-lxV2Pako3ujjuUe9jiU3/s7KSrDfH6IgTSQOnDWr9aJ92YsFd7EurmClK0ly/t8dzMkDtd04g60WX6yl0sGfdw==}
    cpu: [ia32]
    os: [win32]
    dev: true
    optional: true

  /@rollup/rollup-win32-x64-msvc@4.45.1:
    resolution: {integrity: sha512-M/fKi4sasCdM8i0aWJjCSFm2qEnYRR8AMLG2kxp6wD13+tMGA4Z1tVAuHkNRjud5SW2EM3naLuK35w9twvf6aA==}
    cpu: [x64]
    os: [win32]
    dev: true
    optional: true

  /@types/estree@1.0.8:
    resolution: {integrity: sha512-dWHzHa2WqEXI/O1E9OjrocMTKJl2mSrEolh1Iomrv6U+JuNwaHXsXx9bLu5gG7BUWFIN0skIQJQ/L1rIex4X6w==}
    dev: true

  /@vitejs/plugin-vue@6.0.0(vite@7.0.5)(vue@3.5.17):
    resolution: {integrity: sha512-iAliE72WsdhjzTOp2DtvKThq1VBC4REhwRcaA+zPAAph6I+OQhUXv+Xu2KS7ElxYtb7Zc/3R30Hwv1DxEo7NXQ==}
    engines: {node: ^20.19.0 || >=22.12.0}
    peerDependencies:
      vite: ^5.0.0 || ^6.0.0 || ^7.0.0
      vue: ^3.2.25
    dependencies:
      '@rolldown/pluginutils': 1.0.0-beta.19
      vite: 7.0.5
      vue: 3.5.17
    dev: true

  /@vue/compiler-core@3.5.17:
    resolution: {integrity: sha512-Xe+AittLbAyV0pabcN7cP7/BenRBNcteM4aSDCtRvGw0d9OL+HG1u/XHLY/kt1q4fyMeZYXyIYrsHuPSiDPosA==}
    dependencies:
      '@babel/parser': 7.28.0
      '@vue/shared': 3.5.17
      entities: 4.5.0
      estree-walker: 2.0.2
      source-map-js: 1.2.1

  /@vue/compiler-dom@3.5.17:
    resolution: {integrity: sha512-+2UgfLKoaNLhgfhV5Ihnk6wB4ljyW1/7wUIog2puUqajiC29Lp5R/IKDdkebh9jTbTogTbsgB+OY9cEWzG95JQ==}
    dependencies:
      '@vue/compiler-core': 3.5.17
      '@vue/shared': 3.5.17

  /@vue/compiler-sfc@3.5.17:
    resolution: {integrity: sha512-rQQxbRJMgTqwRugtjw0cnyQv9cP4/4BxWfTdRBkqsTfLOHWykLzbOc3C4GGzAmdMDxhzU/1Ija5bTjMVrddqww==}
    dependencies:
      '@babel/parser': 7.28.0
      '@vue/compiler-core': 3.5.17
      '@vue/compiler-dom': 3.5.17
      '@vue/compiler-ssr': 3.5.17
      '@vue/shared': 3.5.17
      estree-walker: 2.0.2
      magic-string: 0.30.17
      postcss: 8.5.6
      source-map-js: 1.2.1

  /@vue/compiler-ssr@3.5.17:
    resolution: {integrity: sha512-hkDbA0Q20ZzGgpj5uZjb9rBzQtIHLS78mMilwrlpWk2Ep37DYntUz0PonQ6kr113vfOEdM+zTBuJDaceNIW0tQ==}
    dependencies:
      '@vue/compiler-dom': 3.5.17
      '@vue/shared': 3.5.17

  /@vue/reactivity@3.5.17:
    resolution: {integrity: sha512-l/rmw2STIscWi7SNJp708FK4Kofs97zc/5aEPQh4bOsReD/8ICuBcEmS7KGwDj5ODQLYWVN2lNibKJL1z5b+Lw==}
    dependencies:
      '@vue/shared': 3.5.17

  /@vue/runtime-core@3.5.17:
    resolution: {integrity: sha512-QQLXa20dHg1R0ri4bjKeGFKEkJA7MMBxrKo2G+gJikmumRS7PTD4BOU9FKrDQWMKowz7frJJGqBffYMgQYS96Q==}
    dependencies:
      '@vue/reactivity': 3.5.17
      '@vue/shared': 3.5.17

  /@vue/runtime-dom@3.5.17:
    resolution: {integrity: sha512-8El0M60TcwZ1QMz4/os2MdlQECgGoVHPuLnQBU3m9h3gdNRW9xRmI8iLS4t/22OQlOE6aJvNNlBiCzPHur4H9g==}
    dependencies:
      '@vue/reactivity': 3.5.17
      '@vue/runtime-core': 3.5.17
      '@vue/shared': 3.5.17
      csstype: 3.1.3

  /@vue/server-renderer@3.5.17(vue@3.5.17):
    resolution: {integrity: sha512-BOHhm8HalujY6lmC3DbqF6uXN/K00uWiEeF22LfEsm9Q93XeJ/plHTepGwf6tqFcF7GA5oGSSAAUock3VvzaCA==}
    peerDependencies:
      vue: 3.5.17
    dependencies:
      '@vue/compiler-ssr': 3.5.17
      '@vue/shared': 3.5.17
      vue: 3.5.17

  /@vue/shared@3.5.17:
    resolution: {integrity: sha512-CabR+UN630VnsJO/jHWYBC1YVXyMq94KKp6iF5MQgZJs5I8cmjw6oVMO1oDbtBkENSHSSn/UadWlW/OAgdmKrg==}

  /array-move@4.0.0:
    resolution: {integrity: sha512-+RY54S8OuVvg94THpneQvFRmqWdAHeqtMzgMW6JNurHxe8rsS07cHQdfGkXnTUXiBcyZ0j3SiDIxxj0RPiqCkQ==}
    engines: {node: ^12.20.0 || ^14.13.1 || >=16.0.0}
    dev: false

  /bpmn-js-properties-panel@5.38.1(@bpmn-io/properties-panel@3.30.2)(bpmn-js@18.6.2)(camunda-bpmn-js-behaviors@1.10.1)(diagram-js@15.3.0):
    resolution: {integrity: sha512-ic1VFAVJWOYd0yPj6NQ9V2piA5rrNVCKpfN1vclYNl1rmHeCJoQyTxh4InK3CR9yCGHweVbpM901qLNdQZ+WVg==}
    peerDependencies:
      '@bpmn-io/properties-panel': '>= 3.7'
      bpmn-js: '>= 11.5'
      camunda-bpmn-js-behaviors: '>= 0.4'
      diagram-js: '>= 11.9'
    dependencies:
      '@bpmn-io/extract-process-variables': 1.0.1
      '@bpmn-io/properties-panel': 3.30.2
      array-move: 4.0.0
      bpmn-js: 18.6.2
      camunda-bpmn-js-behaviors: 1.10.1(bpmn-js@18.6.2)(camunda-bpmn-moddle@7.0.1)(zeebe-bpmn-moddle@1.9.0)
      diagram-js: 15.3.0
      ids: 1.0.5
      min-dash: 4.2.3
      min-dom: 4.2.1
    dev: false

  /bpmn-js@18.6.2:
    resolution: {integrity: sha512-3C+ktypiJKTco5U6GmZ3FTqcy2o7KwWY0W1KlNon39tW3RInPqJ3W48impd8cFkZ/9QmvITN99NoZjSBu4JFgw==}
    dependencies:
      bpmn-moddle: 9.0.2
      diagram-js: 15.3.0
      diagram-js-direct-editing: 3.2.0(diagram-js@15.3.0)
      ids: 1.0.5
      inherits-browser: 0.1.0
      min-dash: 4.2.3
      min-dom: 4.2.1
      tiny-svg: 3.1.3
    dev: false

  /bpmn-moddle@9.0.2:
    resolution: {integrity: sha512-HXWMJ+UZSm2PeBS9FuY713AB6Pjwbzp6l2ncWdUpuPrQVGdtcsS/FIK5P3CVQKR8LYrf0BUaM+ID+0Xu7PdsIw==}
    engines: {node: '>= 18'}
    dependencies:
      min-dash: 4.2.3
      moddle: 7.2.0
      moddle-xml: 11.0.0(moddle@7.2.0)
    dev: false

  /camunda-bpmn-js-behaviors@1.10.1(bpmn-js@18.6.2)(camunda-bpmn-moddle@7.0.1)(zeebe-bpmn-moddle@1.9.0):
    resolution: {integrity: sha512-rmhMlgLqltZ+KIYJAuemc1PEyQMAjo08zxuX5XCL85YCoCEhjNDQ4qrVq5dbV1E5ZcaTF7PiDTiyuhkV3kPv3g==}
    peerDependencies:
      bpmn-js: '>= 9'
      camunda-bpmn-moddle: '>= 7'
      zeebe-bpmn-moddle: '>= 0.18'
    dependencies:
      bpmn-js: 18.6.2
      camunda-bpmn-moddle: 7.0.1
      ids: 1.0.5
      min-dash: 4.2.3
      zeebe-bpmn-moddle: 1.9.0
    dev: false

  /camunda-bpmn-moddle@7.0.1:
    resolution: {integrity: sha512-Br8Diu6roMpziHdpl66Dhnm0DTnCFMrSD9zwLV08LpD52QA0UsXxU87XfHf08HjuB7ly0Hd1bvajZRpf9hbmYQ==}
    dev: false

  /classnames@2.5.1:
    resolution: {integrity: sha512-saHYOzhIQs6wy2sVxTM6bUDsQO4F50V9RQ22qBpEdCW+I+/Wmke2HOl6lS6dTpdxVhb88/I6+Hs+438c3lfUow==}
    dev: false

  /clsx@2.1.1:
    resolution: {integrity: sha512-eYm0QWBtUrBWZWG0d386OGAw16Z995PiOVo2B7bjWSbHedGl5e0ZWaq65kOGgUSNesEIDkB9ISbTg/JK9dhCZA==}
    engines: {node: '>=6'}
    dev: false

  /component-event@0.2.1:
    resolution: {integrity: sha512-wGA++isMqiDq1jPYeyv2as/Bt/u+3iLW0rEa+8NQ82jAv3TgqMiCM+B2SaBdn2DfLilLjjq736YcezihRYhfxw==}
    dev: false

  /crelt@1.0.6:
    resolution: {integrity: sha512-VQ2MBenTq1fWZUH9DJNGti7kKv6EeAuYr3cLwxUWhIu1baTaXh4Ib5W2CqHVqib4/MqbYGJqiL3Zb8GJZr3l4g==}
    dev: false

  /csstype@3.1.3:
    resolution: {integrity: sha512-M1uQkMl8rQK/szD0LNhtqxIPLpimGm8sOBwU7lLnCpSbTyY3yeU1Vc7l4KT5zT4s/yOxHH5O7tIuuLOCnLADRw==}

  /diagram-js-direct-editing@3.2.0(diagram-js@15.3.0):
    resolution: {integrity: sha512-+pyxeQGBSdLiZX0/tmmsm2qZSvm9YtVzod5W3RMHSTR7VrkUMD6E7EX/W9JQv3ebxO7oIdqFmytmNDDpSHnYEw==}
    peerDependencies:
      diagram-js: '*'
    dependencies:
      diagram-js: 15.3.0
      min-dash: 4.2.3
      min-dom: 4.2.1
    dev: false

  /diagram-js@15.3.0:
    resolution: {integrity: sha512-Fjq+C8Bee2DhX9N3jpIUIhbqvSbP6oMD75n+y5UChcr34buApZFO+fXsv8a/SlW+tci+6nvc71vf17TBY/RJVg==}
    dependencies:
      '@bpmn-io/diagram-js-ui': 0.2.3
      clsx: 2.1.1
      didi: 10.2.2
      inherits-browser: 0.1.0
      min-dash: 4.2.3
      min-dom: 4.2.1
      object-refs: 0.4.0
      path-intersection: 3.1.0
      tiny-svg: 3.1.3
    dev: false

  /didi@10.2.2:
    resolution: {integrity: sha512-l8NYkYFXV1izHI65EyT8EXOjUZtKmQkHLTT89cSP7HU5J/G7AOj0dXKtLc04EXYlga99PBY18IPjOeZ+c3DI4w==}
    engines: {node: '>= 16'}
    dev: false

  /domify@1.4.2:
    resolution: {integrity: sha512-m4yreHcUWHBncGVV7U+yQzc12vIlq0jMrtHZ5mW6dQMiL/7skSYNVX9wqKwOtyO9SGCgevrAFEgOCAHmamHTUA==}
    dev: false

  /domify@2.0.0:
    resolution: {integrity: sha512-rmvrrmWQPD/X1A/nPBfIVg4r05792QdG9Z4Prk6oQG0F9zBMDkr0GKAdds1wjb2dq1rTz/ywc4ZxpZbgz0tttg==}
    engines: {node: '>=18'}
    dev: false

  /entities@4.5.0:
    resolution: {integrity: sha512-V0hjH4dGPh9Ao5p0MoRY6BVqtwCjhz6vI5LT8AJ55H+4g9/4vbHx1I54fS0XuclLhDHArPQCiMjDxjaL8fPxhw==}
    engines: {node: '>=0.12'}

  /esbuild@0.25.8:
    resolution: {integrity: sha512-vVC0USHGtMi8+R4Kz8rt6JhEWLxsv9Rnu/lGYbPR8u47B+DCBksq9JarW0zOO7bs37hyOK1l2/oqtbciutL5+Q==}
    engines: {node: '>=18'}
    hasBin: true
    requiresBuild: true
    optionalDependencies:
      '@esbuild/aix-ppc64': 0.25.8
      '@esbuild/android-arm': 0.25.8
      '@esbuild/android-arm64': 0.25.8
      '@esbuild/android-x64': 0.25.8
      '@esbuild/darwin-arm64': 0.25.8
      '@esbuild/darwin-x64': 0.25.8
      '@esbuild/freebsd-arm64': 0.25.8
      '@esbuild/freebsd-x64': 0.25.8
      '@esbuild/linux-arm': 0.25.8
      '@esbuild/linux-arm64': 0.25.8
      '@esbuild/linux-ia32': 0.25.8
      '@esbuild/linux-loong64': 0.25.8
      '@esbuild/linux-mips64el': 0.25.8
      '@esbuild/linux-ppc64': 0.25.8
      '@esbuild/linux-riscv64': 0.25.8
      '@esbuild/linux-s390x': 0.25.8
      '@esbuild/linux-x64': 0.25.8
      '@esbuild/netbsd-arm64': 0.25.8
      '@esbuild/netbsd-x64': 0.25.8
      '@esbuild/openbsd-arm64': 0.25.8
      '@esbuild/openbsd-x64': 0.25.8
      '@esbuild/openharmony-arm64': 0.25.8
      '@esbuild/sunos-x64': 0.25.8
      '@esbuild/win32-arm64': 0.25.8
      '@esbuild/win32-ia32': 0.25.8
      '@esbuild/win32-x64': 0.25.8
    dev: true

  /estree-walker@2.0.2:
    resolution: {integrity: sha512-Rfkk/Mp/DL7JVje3u18FxFujQlTNR2q6QfMSMB7AvCBx91NGj/ba3kCfza0f6dVDbw7YlRf/nDrn7pQrCCyQ/w==}

  /fdir@6.4.6(picomatch@4.0.3):
    resolution: {integrity: sha512-hiFoqpyZcfNm1yc4u8oWCf9A2c4D3QjCrks3zmoVKVxpQRzmPNar1hUJcBG2RQHvEVGDN+Jm81ZheVLAQMK6+w==}
    peerDependencies:
      picomatch: ^3 || ^4
    peerDependenciesMeta:
      picomatch:
        optional: true
    dependencies:
      picomatch: 4.0.3
    dev: true

  /feelers@1.4.0:
    resolution: {integrity: sha512-CGa/7ILuqoqTaeYeoKsg/4tzu2es9sEEJTmSjdu0lousZBw4V9gcYhHYFNmbrSrKmbAVfOzj6/DsymGJWFIOeg==}
    dependencies:
      '@bpmn-io/cm-theme': 0.1.0-alpha.2
      '@bpmn-io/feel-lint': 1.4.0
      '@codemirror/autocomplete': 6.18.6
      '@codemirror/commands': 6.8.1
      '@codemirror/language': 6.11.2
      '@codemirror/lint': 6.8.5
      '@codemirror/state': 6.5.2
      '@codemirror/view': 6.38.1
      '@lezer/common': 1.2.3
      '@lezer/highlight': 1.2.1
      '@lezer/lr': 1.4.2
      '@lezer/markdown': 1.4.3
      feelin: 3.2.0
      lezer-feel: 1.7.0
      min-dom: 5.1.1
    dev: false

  /feelin@3.2.0:
    resolution: {integrity: sha512-GFDbHsTYk7YXO1tyw1dOjb7IODeAZvNIosdGZThUwPx5XcD/XhO0hnPZXsIbAzSsIdrgGlTEEdby9fZ2gixysA==}
    dependencies:
      '@lezer/lr': 1.4.2
      lezer-feel: 1.7.0
      luxon: 3.7.1
    dev: false

  /focus-trap@7.6.5:
    resolution: {integrity: sha512-7Ke1jyybbbPZyZXFxEftUtxFGLMpE2n6A+z//m4CRDlj0hW+o3iYSmh8nFlYMurOiJVDmJRilUQtJr08KfIxlg==}
    dependencies:
      tabbable: 6.2.0
    dev: false

  /fsevents@2.3.3:
    resolution: {integrity: sha512-5xoDfX+fL7faATnagmWPpbFtwh/R77WmMMqqHGS65C3vvB0YHrgF+B1YmZ3441tMj5n63k0212XNoJwzlhffQw==}
    engines: {node: ^8.16.0 || ^10.6.0 || >=11.0.0}
    os: [darwin]
    dev: true
    optional: true

  /htm@3.1.1:
    resolution: {integrity: sha512-983Vyg8NwUE7JkZ6NmOqpCZ+sh1bKv2iYTlUkzlWmA5JD2acKoxd4KVxbMmxX/85mtfdnDmTFoNKcg5DGAvxNQ==}
    dev: false

  /ids@1.0.5:
    resolution: {integrity: sha512-XQ0yom/4KWTL29sLG+tyuycy7UmeaM/79GRtSJq6IG9cJGIPeBz5kwDCguie3TwxaMNIc3WtPi0cTa1XYHicpw==}
    dev: false

  /inherits-browser@0.1.0:
    resolution: {integrity: sha512-CJHHvW3jQ6q7lzsXPpapLdMx5hDpSF3FSh45pwsj6bKxJJ8Nl8v43i5yXnr3BdfOimGHKyniewQtnAIp3vyJJw==}
    dev: false

  /lang-feel@2.3.0:
    resolution: {integrity: sha512-cotBfyBP710udy3Tm7s4NyNZPSSLXkVV/rrfmM4NVbuzB9WGL7CbMWUzfSn6GZ+qFnh8/xbkeDHfAvPM90oENA==}
    dependencies:
      '@codemirror/autocomplete': 6.18.6
      '@codemirror/language': 6.11.2
      '@lezer/common': 1.2.3
      lezer-feel: 1.7.0
    dev: false

  /lezer-feel@1.7.0:
    resolution: {integrity: sha512-UC8h3Nu4llRPISEUhv+Ne7bNkdxjf4+/DcU4KfO8zKxycWxev8d2BoVnGlG17zbQDtQJBD39ZQvWtjCeTFm69g==}
    dependencies:
      '@lezer/highlight': 1.2.1
      '@lezer/lr': 1.4.2
      min-dash: 4.2.3
    dev: false

  /luxon@3.7.1:
    resolution: {integrity: sha512-RkRWjA926cTvz5rAb1BqyWkKbbjzCGchDUIKMCUvNi17j6f6j8uHGDV82Aqcqtzd+icoYpELmG3ksgGiFNNcNg==}
    engines: {node: '>=12'}
    dev: false

  /magic-string@0.30.17:
    resolution: {integrity: sha512-sNPKHvyjVf7gyjwS4xGTaW/mCnF8wnjtifKBEhxfZ7E/S8tQ0rssrwGNn6q8JH/ohItJfSQp9mBtQYuTlH5QnA==}
    dependencies:
      '@jridgewell/sourcemap-codec': 1.5.4

  /min-dash@4.2.3:
    resolution: {integrity: sha512-VLMYQI5+FcD9Ad24VcB08uA83B07OhueAlZ88jBK6PyupTvEJwllTMUqMy0wPGYs7pZUEtEEMWdHB63m3LtEcg==}
    dev: false

  /min-dom@4.2.1:
    resolution: {integrity: sha512-TMoL8SEEIhUWYgkj7XMSgxmwSyGI+4fP2KFFGnN3FbHfbGHVdsLYSz8LoIsgPhz4dWRmLvxWWSMgzZMJW5sZuA==}
    dependencies:
      component-event: 0.2.1
      domify: 1.4.2
      min-dash: 4.2.3
    dev: false

  /min-dom@5.1.1:
    resolution: {integrity: sha512-GaKUlguMAofd3OJsB0OkP17i5kucKqErgVCJxPawO9l5NwIPnr28SAr99zzlzMCWWljISBYrnZVWdE2Q92YGFQ==}
    dependencies:
      domify: 2.0.0
      min-dash: 4.2.3
    dev: false

  /moddle-xml@11.0.0(moddle@7.2.0):
    resolution: {integrity: sha512-L3Sseepfcq9Uy0iIfqEDTXSoYLva1Y/JGbN/4AMOeQ6cqbu8Ma/SDJIdOFm7smsAa64j2z3SwCGG3FIilQVnUg==}
    engines: {node: '>= 18'}
    peerDependencies:
      moddle: '>= 6.2.0'
    dependencies:
      min-dash: 4.2.3
      moddle: 7.2.0
      saxen: 10.0.0
    dev: false

  /moddle@7.2.0:
    resolution: {integrity: sha512-x1+JREThy7JBOBR3g2hbOnOfrlC/YAWXX9RzrSZS5HhqeuBly9H/PCtOBtcQs+Y2sjRAXF+WTNSgHvn8Uq+6Yw==}
    dependencies:
      min-dash: 4.2.3
    dev: false

  /nanoid@3.3.11:
    resolution: {integrity: sha512-N8SpfPUnUp1bK+PMYW8qSWdl9U+wwNWI4QKxOYDy9JAro3WMX7p2OeVRF9v+347pnakNevPmiHhNmZ2HbFA76w==}
    engines: {node: ^10 || ^12 || ^13.7 || ^14 || >=15.0.1}
    hasBin: true

  /object-refs@0.4.0:
    resolution: {integrity: sha512-6kJqKWryKZmtte6QYvouas0/EIJKPI1/MMIuRsiBlNuhIMfqYTggzX2F1AJ2+cDs288xyi9GL7FyasHINR98BQ==}
    dev: false

  /path-intersection@3.1.0:
    resolution: {integrity: sha512-3xS3lvv/vuwm5aH2BVvNRvnvwR2Drde7jQClKpCXTYXIMMjcw/EnMhzCgeHwqbCpzi760PEfAkU53vSIlrNr9A==}
    engines: {node: '>= 14.20'}
    dev: false

  /picocolors@1.1.1:
    resolution: {integrity: sha512-xceH2snhtb5M9liqDsmEw56le376mTZkEX/jEb/RxNFyegNul7eNslCXP9FDj/Lcu0X8KEyMceP2ntpaHrDEVA==}

  /picomatch@4.0.3:
    resolution: {integrity: sha512-5gTmgEY/sqK6gFXLIsQNH19lWb4ebPDLA4SdLP7dsWkIXHWlG66oPuVvXSGFPppYZz8ZDZq0dYYrbHfBCVUb1Q==}
    engines: {node: '>=12'}
    dev: true

  /postcss@8.5.6:
    resolution: {integrity: sha512-3Ybi1tAuwAP9s0r1UQ2J4n5Y0G05bJkpUIO0/bI9MhwmD70S5aTWbXGBwxHrelT+XM1k6dM0pk+SwNkpTRN7Pg==}
    engines: {node: ^10 || ^12 || >=14}
    dependencies:
      nanoid: 3.3.11
      picocolors: 1.1.1
      source-map-js: 1.2.1

  /preact@10.26.9:
    resolution: {integrity: sha512-SSjF9vcnF27mJK1XyFMNJzFd5u3pQiATFqoaDy03XuN00u4ziveVVEGt5RKJrDR8MHE/wJo9Nnad56RLzS2RMA==}
    dev: false

  /rollup@4.45.1:
    resolution: {integrity: sha512-4iya7Jb76fVpQyLoiVpzUrsjQ12r3dM7fIVz+4NwoYvZOShknRmiv+iu9CClZml5ZLGb0XMcYLutK6w9tgxHDw==}
    engines: {node: '>=18.0.0', npm: '>=8.0.0'}
    hasBin: true
    dependencies:
      '@types/estree': 1.0.8
    optionalDependencies:
      '@rollup/rollup-android-arm-eabi': 4.45.1
      '@rollup/rollup-android-arm64': 4.45.1
      '@rollup/rollup-darwin-arm64': 4.45.1
      '@rollup/rollup-darwin-x64': 4.45.1
      '@rollup/rollup-freebsd-arm64': 4.45.1
      '@rollup/rollup-freebsd-x64': 4.45.1
      '@rollup/rollup-linux-arm-gnueabihf': 4.45.1
      '@rollup/rollup-linux-arm-musleabihf': 4.45.1
      '@rollup/rollup-linux-arm64-gnu': 4.45.1
      '@rollup/rollup-linux-arm64-musl': 4.45.1
      '@rollup/rollup-linux-loongarch64-gnu': 4.45.1
      '@rollup/rollup-linux-powerpc64le-gnu': 4.45.1
      '@rollup/rollup-linux-riscv64-gnu': 4.45.1
      '@rollup/rollup-linux-riscv64-musl': 4.45.1
      '@rollup/rollup-linux-s390x-gnu': 4.45.1
      '@rollup/rollup-linux-x64-gnu': 4.45.1
      '@rollup/rollup-linux-x64-musl': 4.45.1
      '@rollup/rollup-win32-arm64-msvc': 4.45.1
      '@rollup/rollup-win32-ia32-msvc': 4.45.1
      '@rollup/rollup-win32-x64-msvc': 4.45.1
      fsevents: 2.3.3
    dev: true

  /saxen@10.0.0:
    resolution: {integrity: sha512-RXsmWok/SAWqOG/f5ADEz51DN9WtZEzqih3e08ranldcaXekxjx8NBKjGh/y5hlowjo0JH/LekBu6gtPFD1G6g==}
    engines: {node: '>= 18'}
    dev: false

  /source-map-js@1.2.1:
    resolution: {integrity: sha512-UXWMKhLOwVKb728IUtQPXxfYU+usdybtUrK/8uGE8CQMvrhOpwvzDBwj0QhSL7MQc7vIsISBG8VQ8+IDQxpfQA==}
    engines: {node: '>=0.10.0'}

  /style-mod@4.1.2:
    resolution: {integrity: sha512-wnD1HyVqpJUI2+eKZ+eo1UwghftP6yuFheBqqe+bWCotBjC2K1YnteJILRMs3SM4V/0dLEW1SC27MWP5y+mwmw==}
    dev: false

  /tabbable@6.2.0:
    resolution: {integrity: sha512-Cat63mxsVJlzYvN51JmVXIgNoUokrIaT2zLclCXjRd8boZ0004U4KCs/sToJ75C6sdlByWxpYnb5Boif1VSFew==}
    dev: false

  /tiny-svg@3.1.3:
    resolution: {integrity: sha512-9mwnPqXInRsBmH/DO6NMxBE++9LsqpVXQSSTZGc5bomoKKvL5OX/Hlotw7XVXP6XLRcHWIzZpxfovGqWKgCypQ==}
    dev: false

  /tinyglobby@0.2.14:
    resolution: {integrity: sha512-tX5e7OM1HnYr2+a2C/4V0htOcSQcoSTH9KgJnVvNm5zm/cyEWKJ7j7YutsH9CxMdtOkkLFy2AHrMci9IM8IPZQ==}
    engines: {node: '>=12.0.0'}
    dependencies:
      fdir: 6.4.6(picomatch@4.0.3)
      picomatch: 4.0.3
    dev: true

  /vite@7.0.5:
    resolution: {integrity: sha512-1mncVwJxy2C9ThLwz0+2GKZyEXuC3MyWtAAlNftlZZXZDP3AJt5FmwcMit/IGGaNZ8ZOB2BNO/HFUB+CpN0NQw==}
    engines: {node: ^20.19.0 || >=22.12.0}
    hasBin: true
    peerDependencies:
      '@types/node': ^20.19.0 || >=22.12.0
      jiti: '>=1.21.0'
      less: ^4.0.0
      lightningcss: ^1.21.0
      sass: ^1.70.0
      sass-embedded: ^1.70.0
      stylus: '>=0.54.8'
      sugarss: ^5.0.0
      terser: ^5.16.0
      tsx: ^4.8.1
      yaml: ^2.4.2
    peerDependenciesMeta:
      '@types/node':
        optional: true
      jiti:
        optional: true
      less:
        optional: true
      lightningcss:
        optional: true
      sass:
        optional: true
      sass-embedded:
        optional: true
      stylus:
        optional: true
      sugarss:
        optional: true
      terser:
        optional: true
      tsx:
        optional: true
      yaml:
        optional: true
    dependencies:
      esbuild: 0.25.8
      fdir: 6.4.6(picomatch@4.0.3)
      picomatch: 4.0.3
      postcss: 8.5.6
      rollup: 4.45.1
      tinyglobby: 0.2.14
    optionalDependencies:
      fsevents: 2.3.3
    dev: true

  /vue@3.5.17:
    resolution: {integrity: sha512-LbHV3xPN9BeljML+Xctq4lbz2lVHCR6DtbpTf5XIO6gugpXUN49j2QQPcMj086r9+AkJ0FfUT8xjulKKBkkr9g==}
    peerDependencies:
      typescript: '*'
    peerDependenciesMeta:
      typescript:
        optional: true
    dependencies:
      '@vue/compiler-dom': 3.5.17
      '@vue/compiler-sfc': 3.5.17
      '@vue/runtime-dom': 3.5.17
      '@vue/server-renderer': 3.5.17(vue@3.5.17)
      '@vue/shared': 3.5.17

  /w3c-keyname@2.2.8:
    resolution: {integrity: sha512-dpojBhNsCNN7T82Tm7k26A6G9ML3NkhDsnw9n/eoxSRlVBB4CEtIQ/KTCLI2Fwf3ataSXRhYFkQi3SlnFwPvPQ==}
    dev: false

  /zeebe-bpmn-moddle@1.9.0:
    resolution: {integrity: sha512-Y9ncIdP4m1PKbIBDqSghwZud2eiiBpfygE0bTApGqtnGlJMA/6Xanl/J7ujxG5zREoAliwf6rJyJFk3FZ75AYg==}
    dev: false
